
Microsoft Visual Studio Solution File, Format Version 12.00
Project("{2150E333-8FDC-42A3-9474-1A3956D46DE8}") = "src", "src", "{1C0ECF18-EA76-455D-9D01-B1A5BCEBB6C5}"
	ProjectSection(SolutionItems) = preProject
		src\Directory.Build.props = src\Directory.Build.props
	EndProjectSection
EndProject
Project("{2150E333-8FDC-42A3-9474-1A3956D46DE8}") = "tests", "tests", "{89CB2F17-E4A1-4A2B-A425-34BFDC235618}"
EndProject
Project("{2150E333-8FDC-42A3-9474-1A3956D46DE8}") = "misc", "misc", "{04E9D03F-C5BB-4580-8774-C09CDFF990B2}"
	ProjectSection(SolutionItems) = preProject
		.gitignore = .gitignore
		README.md = README.md
		Directory.Build.props = Directory.Build.props
		.editorconfig = .editorconfig
		global.json = global.json
		Directory.Packages.props = Directory.Packages.props
		docker-compose.yml = docker-compose.yml
		.dockerignore = .dockerignore
		Dockerfile-Traditional = Dockerfile-Traditional
		Dockerfile-Cqrs = Dockerfile-Cqrs
		LICENSE.txt = LICENSE.txt
	EndProjectSection
EndProject
Project("{FAE04EC0-301F-11D3-BF4B-00C04F79EFBC}") = "Traditional.Api", "src\Traditional.Api\Traditional.Api.csproj", "{0EA1EA14-737B-4A9B-8616-DDEE7E4C5ADB}"
EndProject
Project("{2150E333-8FDC-42A3-9474-1A3956D46DE8}") = "Functional", "Functional", "{268E5D5A-D433-4784-B950-B3B93925F370}"
	ProjectSection(SolutionItems) = preProject
		tests\Functional\Directory.Build.props = tests\Functional\Directory.Build.props
	EndProjectSection
EndProject
Project("{FAE04EC0-301F-11D3-BF4B-00C04F79EFBC}") = "Traditional.Tests", "tests\Functional\Traditional.Tests\Traditional.Tests.csproj", "{9F46266C-869C-4901-B4DD-CCED543085DB}"
EndProject
Project("{FAE04EC0-301F-11D3-BF4B-00C04F79EFBC}") = "PerformanceTests", "tests\PerformanceTests\PerformanceTests.csproj", "{8273AE3E-1720-488E-8851-B84376930084}"
EndProject
Project("{FAE04EC0-301F-11D3-BF4B-00C04F79EFBC}") = "TestCommon", "tests\TestCommon\TestCommon.csproj", "{B50D90D5-11A8-47DD-ABAA-480FE73A1AF7}"
EndProject
Project("{FAE04EC0-301F-11D3-BF4B-00C04F79EFBC}") = "Cqrs.Api", "src\Cqrs.Api\Cqrs.Api.csproj", "{4D62ED70-660C-49F5-8D52-3EB26C940EC9}"
EndProject
Project("{FAE04EC0-301F-11D3-BF4B-00C04F79EFBC}") = "Cqrs.Tests", "tests\Functional\Cqrs.Tests\Cqrs.Tests.csproj", "{AA599C35-6BF0-4ABF-AD84-37A0184B140F}"
EndProject
Global
	GlobalSection(SolutionConfigurationPlatforms) = preSolution
		Debug|Any CPU = Debug|Any CPU
		Release|Any CPU = Release|Any CPU
	EndGlobalSection
	GlobalSection(NestedProjects) = preSolution
		{0EA1EA14-737B-4A9B-8616-DDEE7E4C5ADB} = {1C0ECF18-EA76-455D-9D01-B1A5BCEBB6C5}
		{268E5D5A-D433-4784-B950-B3B93925F370} = {89CB2F17-E4A1-4A2B-A425-34BFDC235618}
		{9F46266C-869C-4901-B4DD-CCED543085DB} = {268E5D5A-D433-4784-B950-B3B93925F370}
		{8273AE3E-1720-488E-8851-B84376930084} = {89CB2F17-E4A1-4A2B-A425-34BFDC235618}
		{B50D90D5-11A8-47DD-ABAA-480FE73A1AF7} = {89CB2F17-E4A1-4A2B-A425-34BFDC235618}
		{4D62ED70-660C-49F5-8D52-3EB26C940EC9} = {1C0ECF18-EA76-455D-9D01-B1A5BCEBB6C5}
		{AA599C35-6BF0-4ABF-AD84-37A0184B140F} = {268E5D5A-D433-4784-B950-B3B93925F370}
	EndGlobalSection
	GlobalSection(ProjectConfigurationPlatforms) = postSolution
		{0EA1EA14-737B-4A9B-8616-DDEE7E4C5ADB}.Debug|Any CPU.ActiveCfg = Debug|Any CPU
		{0EA1EA14-737B-4A9B-8616-DDEE7E4C5ADB}.Debug|Any CPU.Build.0 = Debug|Any CPU
		{0EA1EA14-737B-4A9B-8616-DDEE7E4C5ADB}.Release|Any CPU.ActiveCfg = Release|Any CPU
		{0EA1EA14-737B-4A9B-8616-DDEE7E4C5ADB}.Release|Any CPU.Build.0 = Release|Any CPU
		{9F46266C-869C-4901-B4DD-CCED543085DB}.Debug|Any CPU.ActiveCfg = Debug|Any CPU
		{9F46266C-869C-4901-B4DD-CCED543085DB}.Debug|Any CPU.Build.0 = Debug|Any CPU
		{9F46266C-869C-4901-B4DD-CCED543085DB}.Release|Any CPU.ActiveCfg = Release|Any CPU
		{9F46266C-869C-4901-B4DD-CCED543085DB}.Release|Any CPU.Build.0 = Release|Any CPU
		{8273AE3E-1720-488E-8851-B84376930084}.Debug|Any CPU.ActiveCfg = Debug|Any CPU
		{8273AE3E-1720-488E-8851-B84376930084}.Debug|Any CPU.Build.0 = Debug|Any CPU
		{8273AE3E-1720-488E-8851-B84376930084}.Release|Any CPU.ActiveCfg = Release|Any CPU
		{8273AE3E-1720-488E-8851-B84376930084}.Release|Any CPU.Build.0 = Release|Any CPU
		{B50D90D5-11A8-47DD-ABAA-480FE73A1AF7}.Debug|Any CPU.ActiveCfg = Debug|Any CPU
		{B50D90D5-11A8-47DD-ABAA-480FE73A1AF7}.Debug|Any CPU.Build.0 = Debug|Any CPU
		{B50D90D5-11A8-47DD-ABAA-480FE73A1AF7}.Release|Any CPU.ActiveCfg = Release|Any CPU
		{B50D90D5-11A8-47DD-ABAA-480FE73A1AF7}.Release|Any CPU.Build.0 = Release|Any CPU
		{4D62ED70-660C-49F5-8D52-3EB26C940EC9}.Debug|Any CPU.ActiveCfg = Debug|Any CPU
		{4D62ED70-660C-49F5-8D52-3EB26C940EC9}.Debug|Any CPU.Build.0 = Debug|Any CPU
		{4D62ED70-660C-49F5-8D52-3EB26C940EC9}.Release|Any CPU.ActiveCfg = Release|Any CPU
		{4D62ED70-660C-49F5-8D52-3EB26C940EC9}.Release|Any CPU.Build.0 = Release|Any CPU
		{AA599C35-6BF0-4ABF-AD84-37A0184B140F}.Debug|Any CPU.ActiveCfg = Debug|Any CPU
		{AA599C35-6BF0-4ABF-AD84-37A0184B140F}.Debug|Any CPU.Build.0 = Debug|Any CPU
		{AA599C35-6BF0-4ABF-AD84-37A0184B140F}.Release|Any CPU.ActiveCfg = Release|Any CPU
		{AA599C35-6BF0-4ABF-AD84-37A0184B140F}.Release|Any CPU.Build.0 = Release|Any CPU
	EndGlobalSection
EndGlobal
